{
  "name": "aoc2021",
  "version": "1.0.0",
  "lockfileVersion": 2,
  "requires": true,
  "packages": {
    "": {
      "name": "aoc2021",
      "version": "1.0.0",
      "license": "ISC",
      "workspaces": [
        "packages/*"
      ]
    },
    "node_modules/task2": {
      "resolved": "packages/task2",
      "link": true
    },
    "node_modules/task3": {
      "resolved": "packages/task3",
      "link": true
    },
    "node_modules/task3-2": {
      "resolved": "packages/task3-2",
      "link": true
    },
    "packages/task2": {
      "version": "1.0.0",
      "license": "ISC"
    },
    "packages/task3": {
      "version": "1.0.0",
      "license": "ISC"
    },
    "packages/task3-2": {
      "version": "1.0.0",
      "license": "ISC"
    }
  },
  "dependencies": {
    "task2": {
      "version": "file:packages/task2"
    },
    "task3": {
      "version": "file:packages/task3"
    },
    "task3-2": {
      "version": "file:packages/task3-2"
    }
  }
}
